// !$*UTF8*$!
{
	archiveVersion = 1;
	classes = {
	};
	objectVersion = 48;
	objects = {

/* Begin PBXBuildFile section */
		564C65A22005D19400A9E407 /* PhotoSelectorController.swift in Sources */ = {isa = PBXBuildFile; fileRef = 564C65A12005D19400A9E407 /* PhotoSelectorController.swift */; };
		564C65A42005F9F000A9E407 /* PhotoCell.swift in Sources */ = {isa = PBXBuildFile; fileRef = 564C65A32005F9F000A9E407 /* PhotoCell.swift */; };
		564C65A82006055B00A9E407 /* SharePhotoController.swift in Sources */ = {isa = PBXBuildFile; fileRef = 564C65A72006055B00A9E407 /* SharePhotoController.swift */; };
		564C65AB2006CDCD00A9E407 /* Post.swift in Sources */ = {isa = PBXBuildFile; fileRef = 564C65AA2006CDCD00A9E407 /* Post.swift */; };
		564C65AF2006D26100A9E407 /* CustomImageView.swift in Sources */ = {isa = PBXBuildFile; fileRef = 564C65AE2006D26100A9E407 /* CustomImageView.swift */; };
		56A4487720032C0A00785D8E /* AppDelegate.swift in Sources */ = {isa = PBXBuildFile; fileRef = 56A4487620032C0A00785D8E /* AppDelegate.swift */; };
		56A4487920032C0A00785D8E /* RegistrationController.swift in Sources */ = {isa = PBXBuildFile; fileRef = 56A4487820032C0A00785D8E /* RegistrationController.swift */; };
		56A4487C20032C0A00785D8E /* Main.storyboard in Resources */ = {isa = PBXBuildFile; fileRef = 56A4487A20032C0A00785D8E /* Main.storyboard */; };
		56A4487E20032C0A00785D8E /* Assets.xcassets in Resources */ = {isa = PBXBuildFile; fileRef = 56A4487D20032C0A00785D8E /* Assets.xcassets */; };
		56A4488120032C0A00785D8E /* LaunchScreen.storyboard in Resources */ = {isa = PBXBuildFile; fileRef = 56A4487F20032C0A00785D8E /* LaunchScreen.storyboard */; };
		56A4488920032C1600785D8E /* Extensions.swift in Sources */ = {isa = PBXBuildFile; fileRef = 56A4488820032C1600785D8E /* Extensions.swift */; };
		56A4488B20033E9A00785D8E /* GoogleService-Info.plist in Resources */ = {isa = PBXBuildFile; fileRef = 56A4488A20033E9900785D8E /* GoogleService-Info.plist */; };
		56A448902004133200785D8E /* MainTabBarController.swift in Sources */ = {isa = PBXBuildFile; fileRef = 56A4488F2004133200785D8E /* MainTabBarController.swift */; };
		56A44892200413EB00785D8E /* UserProfileController.swift in Sources */ = {isa = PBXBuildFile; fileRef = 56A44891200413EB00785D8E /* UserProfileController.swift */; };
		56A448952004194D00785D8E /* UserProfileHeader.swift in Sources */ = {isa = PBXBuildFile; fileRef = 56A448942004194D00785D8E /* UserProfileHeader.swift */; };
		56A4489920049F6C00785D8E /* User.swift in Sources */ = {isa = PBXBuildFile; fileRef = 56A4489820049F6C00785D8E /* User.swift */; };
		56A4489C2004B1A100785D8E /* LoginController.swift in Sources */ = {isa = PBXBuildFile; fileRef = 56A4489B2004B1A100785D8E /* LoginController.swift */; };
		7D6DFF1EA7E6B4A09E45BB21 /* Pods_InstagramNight.framework in Frameworks */ = {isa = PBXBuildFile; fileRef = AC43FF7975426EEACA3A865E /* Pods_InstagramNight.framework */; };
/* End PBXBuildFile section */

/* Begin PBXFileReference section */
		187D5222AA785209F191B437 /* Pods-InstagramNight.release.xcconfig */ = {isa = PBXFileReference; includeInIndex = 1; lastKnownFileType = text.xcconfig; name = "Pods-InstagramNight.release.xcconfig"; path = "Pods/Target Support Files/Pods-InstagramNight/Pods-InstagramNight.release.xcconfig"; sourceTree = "<group>"; };
		564C65A12005D19400A9E407 /* PhotoSelectorController.swift */ = {isa = PBXFileReference; lastKnownFileType = sourcecode.swift; path = PhotoSelectorController.swift; sourceTree = "<group>"; };
		564C65A32005F9F000A9E407 /* PhotoCell.swift */ = {isa = PBXFileReference; lastKnownFileType = sourcecode.swift; path = PhotoCell.swift; sourceTree = "<group>"; };
		564C65A72006055B00A9E407 /* SharePhotoController.swift */ = {isa = PBXFileReference; lastKnownFileType = sourcecode.swift; path = SharePhotoController.swift; sourceTree = "<group>"; };
		564C65AA2006CDCD00A9E407 /* Post.swift */ = {isa = PBXFileReference; lastKnownFileType = sourcecode.swift; path = Post.swift; sourceTree = "<group>"; };
		564C65AE2006D26100A9E407 /* CustomImageView.swift */ = {isa = PBXFileReference; lastKnownFileType = sourcecode.swift; path = CustomImageView.swift; sourceTree = "<group>"; };
		56A4487320032C0A00785D8E /* InstagramNight.app */ = {isa = PBXFileReference; explicitFileType = wrapper.application; includeInIndex = 0; path = InstagramNight.app; sourceTree = BUILT_PRODUCTS_DIR; };
		56A4487620032C0A00785D8E /* AppDelegate.swift */ = {isa = PBXFileReference; lastKnownFileType = sourcecode.swift; path = AppDelegate.swift; sourceTree = "<group>"; };
		56A4487820032C0A00785D8E /* RegistrationController.swift */ = {isa = PBXFileReference; lastKnownFileType = sourcecode.swift; path = RegistrationController.swift; sourceTree = "<group>"; };
		56A4487B20032C0A00785D8E /* Base */ = {isa = PBXFileReference; lastKnownFileType = file.storyboard; name = Base; path = Base.lproj/Main.storyboard; sourceTree = "<group>"; };
		56A4487D20032C0A00785D8E /* Assets.xcassets */ = {isa = PBXFileReference; lastKnownFileType = folder.assetcatalog; path = Assets.xcassets; sourceTree = "<group>"; };
		56A4488020032C0A00785D8E /* Base */ = {isa = PBXFileReference; lastKnownFileType = file.storyboard; name = Base; path = Base.lproj/LaunchScreen.storyboard; sourceTree = "<group>"; };
		56A4488220032C0A00785D8E /* Info.plist */ = {isa = PBXFileReference; lastKnownFileType = text.plist.xml; path = Info.plist; sourceTree = "<group>"; };
		56A4488820032C1600785D8E /* Extensions.swift */ = {isa = PBXFileReference; lastKnownFileType = sourcecode.swift; path = Extensions.swift; sourceTree = "<group>"; };
		56A4488A20033E9900785D8E /* GoogleService-Info.plist */ = {isa = PBXFileReference; fileEncoding = 4; lastKnownFileType = text.plist.xml; path = "GoogleService-Info.plist"; sourceTree = "<group>"; };
		56A4488F2004133200785D8E /* MainTabBarController.swift */ = {isa = PBXFileReference; lastKnownFileType = sourcecode.swift; path = MainTabBarController.swift; sourceTree = "<group>"; };
		56A44891200413EB00785D8E /* UserProfileController.swift */ = {isa = PBXFileReference; lastKnownFileType = sourcecode.swift; path = UserProfileController.swift; sourceTree = "<group>"; };
		56A448942004194D00785D8E /* UserProfileHeader.swift */ = {isa = PBXFileReference; lastKnownFileType = sourcecode.swift; path = UserProfileHeader.swift; sourceTree = "<group>"; };
		56A4489820049F6C00785D8E /* User.swift */ = {isa = PBXFileReference; lastKnownFileType = sourcecode.swift; path = User.swift; sourceTree = "<group>"; };
		56A4489B2004B1A100785D8E /* LoginController.swift */ = {isa = PBXFileReference; lastKnownFileType = sourcecode.swift; path = LoginController.swift; sourceTree = "<group>"; };
		9E9347C181C0FF8CAB674C77 /* Pods-InstagramNight.debug.xcconfig */ = {isa = PBXFileReference; includeInIndex = 1; lastKnownFileType = text.xcconfig; name = "Pods-InstagramNight.debug.xcconfig"; path = "Pods/Target Support Files/Pods-InstagramNight/Pods-InstagramNight.debug.xcconfig"; sourceTree = "<group>"; };
		AC43FF7975426EEACA3A865E /* Pods_InstagramNight.framework */ = {isa = PBXFileReference; explicitFileType = wrapper.framework; includeInIndex = 0; path = Pods_InstagramNight.framework; sourceTree = BUILT_PRODUCTS_DIR; };
/* End PBXFileReference section */

/* Begin PBXFrameworksBuildPhase section */
		56A4487020032C0A00785D8E /* Frameworks */ = {
			isa = PBXFrameworksBuildPhase;
			buildActionMask = 2147483647;
			files = (
				7D6DFF1EA7E6B4A09E45BB21 /* Pods_InstagramNight.framework in Frameworks */,
			);
			runOnlyForDeploymentPostprocessing = 0;
		};
/* End PBXFrameworksBuildPhase section */

/* Begin PBXGroup section */
		564C65A02005D18200A9E407 /* AddPhoto */ = {
			isa = PBXGroup;
			children = (
				564C65A12005D19400A9E407 /* PhotoSelectorController.swift */,
				564C65A72006055B00A9E407 /* SharePhotoController.swift */,
			);
			path = AddPhoto;
			sourceTree = "<group>";
		};
		564C65A92006CDC000A9E407 /* Models */ = {
			isa = PBXGroup;
			children = (
				564C65AA2006CDCD00A9E407 /* Post.swift */,
			);
			path = Models;
			sourceTree = "<group>";
		};
		564C65AC2006CF8A00A9E407 /* Views */ = {
			isa = PBXGroup;
			children = (
				564C65A32005F9F000A9E407 /* PhotoCell.swift */,
			);
			path = Views;
			sourceTree = "<group>";
		};
		564C65AD2006D24D00A9E407 /* Utils */ = {
			isa = PBXGroup;
			children = (
				564C65AE2006D26100A9E407 /* CustomImageView.swift */,
			);
			path = Utils;
			sourceTree = "<group>";
		};
		56A4486A20032C0A00785D8E = {
			isa = PBXGroup;
			children = (
				56A4487520032C0A00785D8E /* InstagramNight */,
				56A4487420032C0A00785D8E /* Products */,
				F99C09B00587D5F3BD4BC97B /* Pods */,
				C23813D506F5094F42E06360 /* Frameworks */,
			);
			sourceTree = "<group>";
		};
		56A4487420032C0A00785D8E /* Products */ = {
			isa = PBXGroup;
			children = (
				56A4487320032C0A00785D8E /* InstagramNight.app */,
			);
			name = Products;
			sourceTree = "<group>";
		};
		56A4487520032C0A00785D8E /* InstagramNight */ = {
			isa = PBXGroup;
			children = (
				56A4487620032C0A00785D8E /* AppDelegate.swift */,
				564C65A92006CDC000A9E407 /* Models */,
				564C65AC2006CF8A00A9E407 /* Views */,
				564C65A02005D18200A9E407 /* AddPhoto */,
				56A4489A2004B19800785D8E /* Login */,
				56A448932004194000785D8E /* UserProfile */,
				564C65AD2006D24D00A9E407 /* Utils */,
				56A4488F2004133200785D8E /* MainTabBarController.swift */,
				56A4488820032C1600785D8E /* Extensions.swift */,
				56A4487D20032C0A00785D8E /* Assets.xcassets */,
				56A4487F20032C0A00785D8E /* LaunchScreen.storyboard */,
				56A4488220032C0A00785D8E /* Info.plist */,
				56A4488A20033E9900785D8E /* GoogleService-Info.plist */,
				56A4487A20032C0A00785D8E /* Main.storyboard */,
			);
			path = InstagramNight;
			sourceTree = "<group>";
		};
		56A448932004194000785D8E /* UserProfile */ = {
			isa = PBXGroup;
			children = (
				56A44891200413EB00785D8E /* UserProfileController.swift */,
				56A448942004194D00785D8E /* UserProfileHeader.swift */,
				56A4489820049F6C00785D8E /* User.swift */,
			);
			path = UserProfile;
			sourceTree = "<group>";
		};
		56A4489A2004B19800785D8E /* Login */ = {
			isa = PBXGroup;
			children = (
				56A4487820032C0A00785D8E /* RegistrationController.swift */,
				56A4489B2004B1A100785D8E /* LoginController.swift */,
			);
			path = Login;
			sourceTree = "<group>";
		};
		C23813D506F5094F42E06360 /* Frameworks */ = {
			isa = PBXGroup;
			children = (
				AC43FF7975426EEACA3A865E /* Pods_InstagramNight.framework */,
			);
			name = Frameworks;
			sourceTree = "<group>";
		};
		F99C09B00587D5F3BD4BC97B /* Pods */ = {
			isa = PBXGroup;
			children = (
				9E9347C181C0FF8CAB674C77 /* Pods-InstagramNight.debug.xcconfig */,
				187D5222AA785209F191B437 /* Pods-InstagramNight.release.xcconfig */,
			);
			name = Pods;
			sourceTree = "<group>";
		};
/* End PBXGroup section */

/* Begin PBXNativeTarget section */
		56A4487220032C0A00785D8E /* InstagramNight */ = {
			isa = PBXNativeTarget;
			buildConfigurationList = 56A4488520032C0A00785D8E /* Build configuration list for PBXNativeTarget "InstagramNight" */;
			buildPhases = (
				D9C1ADAF7F6D2F11F92F1290 /* [CP] Check Pods Manifest.lock */,
				56A4486F20032C0A00785D8E /* Sources */,
				56A4487020032C0A00785D8E /* Frameworks */,
				56A4487120032C0A00785D8E /* Resources */,
				E033C6106C44A33070A59400 /* [CP] Embed Pods Frameworks */,
				7911684F9FDA850E8FBA90FD /* [CP] Copy Pods Resources */,
			);
			buildRules = (
			);
			dependencies = (
			);
			name = InstagramNight;
			productName = InstagramNight;
			productReference = 56A4487320032C0A00785D8E /* InstagramNight.app */;
			productType = "com.apple.product-type.application";
		};
/* End PBXNativeTarget section */

/* Begin PBXProject section */
		56A4486B20032C0A00785D8E /* Project object */ = {
			isa = PBXProject;
			attributes = {
				LastSwiftUpdateCheck = 0920;
				LastUpgradeCheck = 0920;
				ORGANIZATIONNAME = "Christopher Villanueva";
				TargetAttributes = {
					56A4487220032C0A00785D8E = {
						CreatedOnToolsVersion = 9.2;
						ProvisioningStyle = Automatic;
					};
				};
			};
			buildConfigurationList = 56A4486E20032C0A00785D8E /* Build configuration list for PBXProject "InstagramNight" */;
			compatibilityVersion = "Xcode 8.0";
			developmentRegion = en;
			hasScannedForEncodings = 0;
			knownRegions = (
				en,
				Base,
			);
			mainGroup = 56A4486A20032C0A00785D8E;
			productRefGroup = 56A4487420032C0A00785D8E /* Products */;
			projectDirPath = "";
			projectRoot = "";
			targets = (
				56A4487220032C0A00785D8E /* InstagramNight */,
			);
		};
/* End PBXProject section */

/* Begin PBXResourcesBuildPhase section */
		56A4487120032C0A00785D8E /* Resources */ = {
			isa = PBXResourcesBuildPhase;
			buildActionMask = 2147483647;
			files = (
				56A4488120032C0A00785D8E /* LaunchScreen.storyboard in Resources */,
				56A4487E20032C0A00785D8E /* Assets.xcassets in Resources */,
				56A4487C20032C0A00785D8E /* Main.storyboard in Resources */,
				56A4488B20033E9A00785D8E /* GoogleService-Info.plist in Resources */,
			);
			runOnlyForDeploymentPostprocessing = 0;
		};
/* End PBXResourcesBuildPhase section */

/* Begin PBXShellScriptBuildPhase section */
		7911684F9FDA850E8FBA90FD /* [CP] Copy Pods Resources */ = {
			isa = PBXShellScriptBuildPhase;
			buildActionMask = 2147483647;
			files = (
			);
			inputPaths = (
			);
			name = "[CP] Copy Pods Resources";
			outputPaths = (
			);
			runOnlyForDeploymentPostprocessing = 0;
			shellPath = /bin/sh;
			shellScript = "\"${SRCROOT}/Pods/Target Support Files/Pods-InstagramNight/Pods-InstagramNight-resources.sh\"\n";
			showEnvVarsInLog = 0;
		};
		D9C1ADAF7F6D2F11F92F1290 /* [CP] Check Pods Manifest.lock */ = {
			isa = PBXShellScriptBuildPhase;
			buildActionMask = 2147483647;
			files = (
			);
			inputPaths = (
			);
			name = "[CP] Check Pods Manifest.lock";
			outputPaths = (
			);
			runOnlyForDeploymentPostprocessing = 0;
			shellPath = /bin/sh;
			shellScript = "diff \"${PODS_PODFILE_DIR_PATH}/Podfile.lock\" \"${PODS_ROOT}/Manifest.lock\" > /dev/null\nif [ $? != 0 ] ; then\n    # print error to STDERR\n    echo \"error: The sandbox is not in sync with the Podfile.lock. Run 'pod install' or update your CocoaPods installation.\" >&2\n    exit 1\nfi\n";
			showEnvVarsInLog = 0;
		};
		E033C6106C44A33070A59400 /* [CP] Embed Pods Frameworks */ = {
			isa = PBXShellScriptBuildPhase;
			buildActionMask = 2147483647;
			files = (
			);
			inputPaths = (
			);
			name = "[CP] Embed Pods Frameworks";
			outputPaths = (
			);
			runOnlyForDeploymentPostprocessing = 0;
			shellPath = /bin/sh;
			shellScript = "\"${SRCROOT}/Pods/Target Support Files/Pods-InstagramNight/Pods-InstagramNight-frameworks.sh\"\n";
			showEnvVarsInLog = 0;
		};
/* End PBXShellScriptBuildPhase section */

/* Begin PBXSourcesBuildPhase section */
		56A4486F20032C0A00785D8E /* Sources */ = {
			isa = PBXSourcesBuildPhase;
			buildActionMask = 2147483647;
			files = (
				564C65A82006055B00A9E407 /* SharePhotoController.swift in Sources */,
				56A4487920032C0A00785D8E /* RegistrationController.swift in Sources */,
				56A4488920032C1600785D8E /* Extensions.swift in Sources */,
				564C65AB2006CDCD00A9E407 /* Post.swift in Sources */,
				56A448902004133200785D8E /* MainTabBarController.swift in Sources */,
				564C65A22005D19400A9E407 /* PhotoSelectorController.swift in Sources */,
				56A448952004194D00785D8E /* UserProfileHeader.swift in Sources */,
				56A44892200413EB00785D8E /* UserProfileController.swift in Sources */,
				56A4489C2004B1A100785D8E /* LoginController.swift in Sources */,
				56A4487720032C0A00785D8E /* AppDelegate.swift in Sources */,
				56A4489920049F6C00785D8E /* User.swift in Sources */,
				564C65A42005F9F000A9E407 /* PhotoCell.swift in Sources */,
				564C65AF2006D26100A9E407 /* CustomImageView.swift in Sources */,
			);
			runOnlyForDeploymentPostprocessing = 0;
		};
/* End PBXSourcesBuildPhase section */

/* Begin PBXVariantGroup section */
		56A4487A20032C0A00785D8E /* Main.storyboard */ = {
			isa = PBXVariantGroup;
			children = (
				56A4487B20032C0A00785D8E /* Base */,
			);
			name = Main.storyboard;
			sourceTree = "<group>";
		};
		56A4487F20032C0A00785D8E /* LaunchScreen.storyboard */ = {
			isa = PBXVariantGroup;
			children = (
				56A4488020032C0A00785D8E /* Base */,
			);
			name = LaunchScreen.storyboard;
			sourceTree = "<group>";
		};
/* End PBXVariantGroup section */

/* Begin XCBuildConfiguration section */
		56A4488320032C0A00785D8E /* Debug */ = {
			isa = XCBuildConfiguration;
			buildSettings = {
				ALWAYS_SEARCH_USER_PATHS = NO;
				CLANG_ANALYZER_NONNULL = YES;
				CLANG_ANALYZER_NUMBER_OBJECT_CONVERSION = YES_AGGRESSIVE;
				CLANG_CXX_LANGUAGE_STANDARD = "gnu++14";
				CLANG_CXX_LIBRARY = "libc++";
				CLANG_ENABLE_MODULES = YES;
				CLANG_ENABLE_OBJC_ARC = YES;
				CLANG_WARN_BLOCK_CAPTURE_AUTORELEASING = YES;
				CLANG_WARN_BOOL_CONVERSION = YES;
				CLANG_WARN_COMMA = YES;
				CLANG_WARN_CONSTANT_CONVERSION = YES;
				CLANG_WARN_DIRECT_OBJC_ISA_USAGE = YES_ERROR;
				CLANG_WARN_DOCUMENTATION_COMMENTS = YES;
				CLANG_WARN_EMPTY_BODY = YES;
				CLANG_WARN_ENUM_CONVERSION = YES;
				CLANG_WARN_INFINITE_RECURSION = YES;
				CLANG_WARN_INT_CONVERSION = YES;
				CLANG_WARN_NON_LITERAL_NULL_CONVERSION = YES;
				CLANG_WARN_OBJC_LITERAL_CONVERSION = YES;
				CLANG_WARN_OBJC_ROOT_CLASS = YES_ERROR;
				CLANG_WARN_RANGE_LOOP_ANALYSIS = YES;
				CLANG_WARN_STRICT_PROTOTYPES = YES;
				CLANG_WARN_SUSPICIOUS_MOVE = YES;
				CLANG_WARN_UNGUARDED_AVAILABILITY = YES_AGGRESSIVE;
				CLANG_WARN_UNREACHABLE_CODE = YES;
				CLANG_WARN__DUPLICATE_METHOD_MATCH = YES;
				CODE_SIGN_IDENTITY = "iPhone Developer";
				COPY_PHASE_STRIP = NO;
				DEBUG_INFORMATION_FORMAT = dwarf;
				ENABLE_STRICT_OBJC_MSGSEND = YES;
				ENABLE_TESTABILITY = YES;
				GCC_C_LANGUAGE_STANDARD = gnu11;
				GCC_DYNAMIC_NO_PIC = NO;
				GCC_NO_COMMON_BLOCKS = YES;
				GCC_OPTIMIZATION_LEVEL = 0;
				GCC_PREPROCESSOR_DEFINITIONS = (
					"DEBUG=1",
					"$(inherited)",
				);
				GCC_WARN_64_TO_32_BIT_CONVERSION = YES;
				GCC_WARN_ABOUT_RETURN_TYPE = YES_ERROR;
				GCC_WARN_UNDECLARED_SELECTOR = YES;
				GCC_WARN_UNINITIALIZED_AUTOS = YES_AGGRESSIVE;
				GCC_WARN_UNUSED_FUNCTION = YES;
				GCC_WARN_UNUSED_VARIABLE = YES;
				IPHONEOS_DEPLOYMENT_TARGET = 11.2;
				MTL_ENABLE_DEBUG_INFO = YES;
				ONLY_ACTIVE_ARCH = YES;
				SDKROOT = iphoneos;
				SWIFT_ACTIVE_COMPILATION_CONDITIONS = DEBUG;
				SWIFT_OPTIMIZATION_LEVEL = "-Onone";
			};
			name = Debug;
		};
		56A4488420032C0A00785D8E /* Release */ = {
			isa = XCBuildConfiguration;
			buildSettings = {
				ALWAYS_SEARCH_USER_PATHS = NO;
				CLANG_ANALYZER_NONNULL = YES;
				CLANG_ANALYZER_NUMBER_OBJECT_CONVERSION = YES_AGGRESSIVE;
				CLANG_CXX_LANGUAGE_STANDARD = "gnu++14";
				CLANG_CXX_LIBRARY = "libc++";
				CLANG_ENABLE_MODULES = YES;
				CLANG_ENABLE_OBJC_ARC = YES;
				CLANG_WARN_BLOCK_CAPTURE_AUTORELEASING = YES;
				CLANG_WARN_BOOL_CONVERSION = YES;
				CLANG_WARN_COMMA = YES;
				CLANG_WARN_CONSTANT_CONVERSION = YES;
				CLANG_WARN_DIRECT_OBJC_ISA_USAGE = YES_ERROR;
				CLANG_WARN_DOCUMENTATION_COMMENTS = YES;
				CLANG_WARN_EMPTY_BODY = YES;
				CLANG_WARN_ENUM_CONVERSION = YES;
				CLANG_WARN_INFINITE_RECURSION = YES;
				CLANG_WARN_INT_CONVERSION = YES;
				CLANG_WARN_NON_LITERAL_NULL_CONVERSION = YES;
				CLANG_WARN_OBJC_LITERAL_CONVERSION = YES;
				CLANG_WARN_OBJC_ROOT_CLASS = YES_ERROR;
				CLANG_WARN_RANGE_LOOP_ANALYSIS = YES;
				CLANG_WARN_STRICT_PROTOTYPES = YES;
				CLANG_WARN_SUSPICIOUS_MOVE = YES;
				CLANG_WARN_UNGUARDED_AVAILABILITY = YES_AGGRESSIVE;
				CLANG_WARN_UNREACHABLE_CODE = YES;
				CLANG_WARN__DUPLICATE_METHOD_MATCH = YES;
				CODE_SIGN_IDENTITY = "iPhone Developer";
				COPY_PHASE_STRIP = NO;
				DEBUG_INFORMATION_FORMAT = "dwarf-with-dsym";
				ENABLE_NS_ASSERTIONS = NO;
				ENABLE_STRICT_OBJC_MSGSEND = YES;
				GCC_C_LANGUAGE_STANDARD = gnu11;
				GCC_NO_COMMON_BLOCKS = YES;
				GCC_WARN_64_TO_32_BIT_CONVERSION = YES;
				GCC_WARN_ABOUT_RETURN_TYPE = YES_ERROR;
				GCC_WARN_UNDECLARED_SELECTOR = YES;
				GCC_WARN_UNINITIALIZED_AUTOS = YES_AGGRESSIVE;
				GCC_WARN_UNUSED_FUNCTION = YES;
				GCC_WARN_UNUSED_VARIABLE = YES;
				IPHONEOS_DEPLOYMENT_TARGET = 11.2;
				MTL_ENABLE_DEBUG_INFO = NO;
				SDKROOT = iphoneos;
				SWIFT_OPTIMIZATION_LEVEL = "-Owholemodule";
				VALIDATE_PRODUCT = YES;
			};
			name = Release;
		};
		56A4488620032C0A00785D8E /* Debug */ = {
			isa = XCBuildConfiguration;
			baseConfigurationReference = 9E9347C181C0FF8CAB674C77 /* Pods-InstagramNight.debug.xcconfig */;
			buildSettings = {
				ASSETCATALOG_COMPILER_APPICON_NAME = AppIcon;
				CODE_SIGN_STYLE = Automatic;
				DEVELOPMENT_TEAM = BMLYZWR33S;
				INFOPLIST_FILE = InstagramNight/Info.plist;
				LD_RUNPATH_SEARCH_PATHS = "$(inherited) @executable_path/Frameworks";
				PRODUCT_BUNDLE_IDENTIFIER = com.chrisvillanueva.InstagramNight;
				PRODUCT_NAME = "$(TARGET_NAME)";
				SWIFT_VERSION = 4.0;
				TARGETED_DEVICE_FAMILY = "1,2";
			};
			name = Debug;
		};
		56A4488720032C0A00785D8E /* Release */ = {
			isa = XCBuildConfiguration;
			baseConfigurationReference = 187D5222AA785209F191B437 /* Pods-InstagramNight.release.xcconfig */;
			buildSettings = {
				ASSETCATALOG_COMPILER_APPICON_NAME = AppIcon;
				CODE_SIGN_STYLE = Automatic;
				DEVELOPMENT_TEAM = BMLYZWR33S;
				INFOPLIST_FILE = InstagramNight/Info.plist;
				LD_RUNPATH_SEARCH_PATHS = "$(inherited) @executable_path/Frameworks";
				PRODUCT_BUNDLE_IDENTIFIER = com.chrisvillanueva.InstagramNight;
				PRODUCT_NAME = "$(TARGET_NAME)";
				SWIFT_VERSION = 4.0;
				TARGETED_DEVICE_FAMILY = "1,2";
			};
			name = Release;
		};
/* End XCBuildConfiguration section */

/* Begin XCConfigurationList section */
		56A4486E20032C0A00785D8E /* Build configuration list for PBXProject "InstagramNight" */ = {
			isa = XCConfigurationList;
			buildConfigurations = (
				56A4488320032C0A00785D8E /* Debug */,
				56A4488420032C0A00785D8E /* Release */,
			);
			defaultConfigurationIsVisible = 0;
			defaultConfigurationName = Release;
		};
		56A4488520032C0A00785D8E /* Build configuration list for PBXNativeTarget "InstagramNight" */ = {
			isa = XCConfigurationList;
			buildConfigurations = (
				56A4488620032C0A00785D8E /* Debug */,
				56A4488720032C0A00785D8E /* Release */,
			);
			defaultConfigurationIsVisible = 0;
			defaultConfigurationName = Release;
		};
/* End XCConfigurationList section */
	};
	rootObject = 56A4486B20032C0A00785D8E /* Project object */;
}
